
Microsoft Visual Studio Solution File, Format Version 12.00
# Visual Studio 14
VisualStudioVersion = 14.0.24720.0
MinimumVisualStudioVersion = 10.0.40219.1
Project("{FAE04EC0-301F-11D3-BF4B-00C04F79EFBC}") = "MoviePortalDeltaX", "MoviePortalDeltaX\MoviePortalDeltaX.csproj", "{FEA19985-A7CF-4BFF-B701-AA66DE7C0B77}"
EndProject
Project("{FAE04EC0-301F-11D3-BF4B-00C04F79EFBC}") = "MOVIEPORTAL_DAL", "MOVIEPORTAL_DAL\MOVIEPORTAL_DAL.csproj", "{AAB11F32-9A52-4D36-A599-343AD55730CF}"
EndProject
Project("{00D1A9C2-B5F0-4AF3-8072-F6C62B433612}") = "DBScripts", "DBScripts\DBScripts.sqlproj", "{2642A6E1-042A-4563-858E-6C89884F7AF7}"
EndProject
Global
	GlobalSection(SolutionConfigurationPlatforms) = preSolution
		Debug|Any CPU = Debug|Any CPU
		Release|Any CPU = Release|Any CPU
	EndGlobalSection
	GlobalSection(ProjectConfigurationPlatforms) = postSolution
		{FEA19985-A7CF-4BFF-B701-AA66DE7C0B77}.Debug|Any CPU.ActiveCfg = Debug|Any CPU
		{FEA19985-A7CF-4BFF-B701-AA66DE7C0B77}.Debug|Any CPU.Build.0 = Debug|Any CPU
		{FEA19985-A7CF-4BFF-B701-AA66DE7C0B77}.Release|Any CPU.ActiveCfg = Release|Any CPU
		{FEA19985-A7CF-4BFF-B701-AA66DE7C0B77}.Release|Any CPU.Build.0 = Release|Any CPU
		{AAB11F32-9A52-4D36-A599-343AD55730CF}.Debug|Any CPU.ActiveCfg = Debug|Any CPU
		{AAB11F32-9A52-4D36-A599-343AD55730CF}.Debug|Any CPU.Build.0 = Debug|Any CPU
		{AAB11F32-9A52-4D36-A599-343AD55730CF}.Release|Any CPU.ActiveCfg = Release|Any CPU
		{AAB11F32-9A52-4D36-A599-343AD55730CF}.Release|Any CPU.Build.0 = Release|Any CPU
		{2642A6E1-042A-4563-858E-6C89884F7AF7}.Debug|Any CPU.ActiveCfg = Debug|Any CPU
		{2642A6E1-042A-4563-858E-6C89884F7AF7}.Debug|Any CPU.Build.0 = Debug|Any CPU
		{2642A6E1-042A-4563-858E-6C89884F7AF7}.Debug|Any CPU.Deploy.0 = Debug|Any CPU
		{2642A6E1-042A-4563-858E-6C89884F7AF7}.Release|Any CPU.ActiveCfg = Release|Any CPU
		{2642A6E1-042A-4563-858E-6C89884F7AF7}.Release|Any CPU.Build.0 = Release|Any CPU
		{2642A6E1-042A-4563-858E-6C89884F7AF7}.Release|Any CPU.Deploy.0 = Release|Any CPU
	EndGlobalSection
	GlobalSection(SolutionProperties) = preSolution
		HideSolutionNode = FALSE
	EndGlobalSection
EndGlobal
