
Microsoft Visual Studio Solution File, Format Version 12.00
# Visual Studio 14
VisualStudioVersion = 14.0.24720.0
MinimumVisualStudioVersion = 10.0.40219.1
Project("{FAE04EC0-301F-11D3-BF4B-00C04F79EFBC}") = "MoviePortalDeltaX", "MoviePortalDeltaX\MoviePortalDeltaX.csproj", "{FEA19985-A7CF-4BFF-B701-AA66DE7C0B77}"
EndProject
Project("{FAE04EC0-301F-11D3-BF4B-00C04F79EFBC}") = "MOVIEPORTAL_DAL", "MOVIEPORTAL_DAL\MOVIEPORTAL_DAL.csproj", "{AAB11F32-9A52-4D36-A599-343AD55730CF}"
EndProject
Project("{FAE04EC0-301F-11D3-BF4B-00C04F79EFBC}") = "MOVIEPORTAL_BAL", "MOVIEPORTAL_BAL\MOVIEPORTAL_BAL.csproj", "{BDE80FD0-0A96-4B4C-BBD4-F867E9711AC2}"
EndProject
Project("{FAE04EC0-301F-11D3-BF4B-00C04F79EFBC}") = "MOVIEPORTAL_COMMON", "MOVIEPORTAL_COMMON\MOVIEPORTAL_COMMON.csproj", "{6F953E83-BEEF-4102-815C-378819A6280F}"
EndProject
Global
	GlobalSection(SolutionConfigurationPlatforms) = preSolution
		Debug|Any CPU = Debug|Any CPU
		Release|Any CPU = Release|Any CPU
	EndGlobalSection
	GlobalSection(ProjectConfigurationPlatforms) = postSolution
		{FEA19985-A7CF-4BFF-B701-AA66DE7C0B77}.Debug|Any CPU.ActiveCfg = Debug|Any CPU
		{FEA19985-A7CF-4BFF-B701-AA66DE7C0B77}.Debug|Any CPU.Build.0 = Debug|Any CPU
		{FEA19985-A7CF-4BFF-B701-AA66DE7C0B77}.Release|Any CPU.ActiveCfg = Release|Any CPU
		{FEA19985-A7CF-4BFF-B701-AA66DE7C0B77}.Release|Any CPU.Build.0 = Release|Any CPU
		{AAB11F32-9A52-4D36-A599-343AD55730CF}.Debug|Any CPU.ActiveCfg = Debug|Any CPU
		{AAB11F32-9A52-4D36-A599-343AD55730CF}.Debug|Any CPU.Build.0 = Debug|Any CPU
		{AAB11F32-9A52-4D36-A599-343AD55730CF}.Release|Any CPU.ActiveCfg = Release|Any CPU
		{AAB11F32-9A52-4D36-A599-343AD55730CF}.Release|Any CPU.Build.0 = Release|Any CPU
		{BDE80FD0-0A96-4B4C-BBD4-F867E9711AC2}.Debug|Any CPU.ActiveCfg = Debug|Any CPU
		{BDE80FD0-0A96-4B4C-BBD4-F867E9711AC2}.Debug|Any CPU.Build.0 = Debug|Any CPU
		{BDE80FD0-0A96-4B4C-BBD4-F867E9711AC2}.Release|Any CPU.ActiveCfg = Release|Any CPU
		{BDE80FD0-0A96-4B4C-BBD4-F867E9711AC2}.Release|Any CPU.Build.0 = Release|Any CPU
		{6F953E83-BEEF-4102-815C-378819A6280F}.Debug|Any CPU.ActiveCfg = Debug|Any CPU
		{6F953E83-BEEF-4102-815C-378819A6280F}.Debug|Any CPU.Build.0 = Debug|Any CPU
		{6F953E83-BEEF-4102-815C-378819A6280F}.Release|Any CPU.ActiveCfg = Release|Any CPU
		{6F953E83-BEEF-4102-815C-378819A6280F}.Release|Any CPU.Build.0 = Release|Any CPU
	EndGlobalSection
	GlobalSection(SolutionProperties) = preSolution
		HideSolutionNode = FALSE
	EndGlobalSection
EndGlobal
